
Microsoft Visual Studio Solution File, Format Version 12.00
# Visual Studio 2017
Project("{FAE04EC0-301F-11D3-BF4B-00C04F79EFBC}") = "New Zombies Running", "New Zombies Running.csproj", "{2CDE4553-8E05-862D-685B-8D7C02EB99C9}"
EndProject
Global
	GlobalSection(SolutionConfigurationPlatforms) = preSolution
		Debug|Any CPU = Debug|Any CPU
		Release|Any CPU = Release|Any CPU
	EndGlobalSection
	GlobalSection(ProjectConfigurationPlatforms) = postSolution
		{2CDE4553-8E05-862D-685B-8D7C02EB99C9}.Debug|Any CPU.ActiveCfg = Debug|Any CPU
		{2CDE4553-8E05-862D-685B-8D7C02EB99C9}.Debug|Any CPU.Build.0 = Debug|Any CPU
		{2CDE4553-8E05-862D-685B-8D7C02EB99C9}.Release|Any CPU.ActiveCfg = Release|Any CPU
		{2CDE4553-8E05-862D-685B-8D7C02EB99C9}.Release|Any CPU.Build.0 = Release|Any CPU
	EndGlobalSection
	GlobalSection(SolutionProperties) = preSolution
		HideSolutionNode = FALSE
	EndGlobalSection
EndGlobal
